
Microsoft Visual Studio Solution File, Format Version 12.00
# Visual Studio Version 17
VisualStudioVersion = 17.5.33627.172
MinimumVisualStudioVersion = 10.0.40219.1
Project("{FAE04EC0-301F-11D3-BF4B-00C04F79EFBC}") = "Revit Elements Selection", "Revit Elements Selection.csproj", "{A66569CD-4A20-4FB1-972E-27CB6D87D41F}"
EndProject
Global
	GlobalSection(SolutionConfigurationPlatforms) = preSolution
		Debug|Any CPU = Debug|Any CPU
		Release|Any CPU = Release|Any CPU
	EndGlobalSection
	GlobalSection(ProjectConfigurationPlatforms) = postSolution
		{A66569CD-4A20-4FB1-972E-27CB6D87D41F}.Debug|Any CPU.ActiveCfg = Debug|Any CPU
		{A66569CD-4A20-4FB1-972E-27CB6D87D41F}.Debug|Any CPU.Build.0 = Debug|Any CPU
		{A66569CD-4A20-4FB1-972E-27CB6D87D41F}.Release|Any CPU.ActiveCfg = Release|Any CPU
		{A66569CD-4A20-4FB1-972E-27CB6D87D41F}.Release|Any CPU.Build.0 = Release|Any CPU
	EndGlobalSection
	GlobalSection(SolutionProperties) = preSolution
		HideSolutionNode = FALSE
	EndGlobalSection
	GlobalSection(ExtensibilityGlobals) = postSolution
		SolutionGuid = {855B70FD-EFEC-42B1-9AC2-A92BE5C06BCA}
	EndGlobalSection
EndGlobal
